{
  "name": "@loom/decision-tree",
  "version": "0.1.0",
  "lockfileVersion": 3,
  "requires": true,
  "packages": {
    "": {
      "name": "@loom/decision-tree",
      "version": "0.1.0",
      "dependencies": {
        "@loom/contracts": "file:../contracts"
      },
      "devDependencies": {
        "typescript": "^5.9.3"
      }
    },
    "../contracts": {
      "name": "@loom/contracts",
      "version": "0.1.0",
      "dependencies": {
        "zod": "^4.1.12"
      },
      "devDependencies": {
        "typescript": "^5.9.3",
        "vitest": "^4.0.15"
      }
    },
    "node_modules/@loom/contracts": {
      "resolved": "../contracts",
      "link": true
    },
    "node_modules/typescript": {
      "version": "5.9.3",
      "resolved": "https://registry.npmjs.org/typescript/-/typescript-5.9.3.tgz",
      "integrity": "sha512-jl1vZzPDinLr9eUt3J/t7V6FgNEw9QjvBPdysz9KfQDD41fQrC2Y4vKQdiaUpFT4bXlb1RHhLpp8wtm6M5TgSw==",
      "dev": true,
      "license": "Apache-2.0",
      "bin": {
        "tsc": "bin/tsc",
        "tsserver": "bin/tsserver"
      },
      "engines": {
        "node": ">=14.17"
      }
    }
  }
}
